
Microsoft Visual Studio Solution File, Format Version 12.00
# Visual Studio Version 17
VisualStudioVersion = 17.9.34728.123
MinimumVisualStudioVersion = 10.0.40219.1
Project("{9A19103F-16F7-4668-BE54-9A1E7A4F7556}") = "RabbitSender", "RabbitSender\RabbitSender.csproj", "{E0697AC8-33BC-4AB9-A7B2-335C2092AEE0}"
EndProject
Project("{9A19103F-16F7-4668-BE54-9A1E7A4F7556}") = "RabbitReceiver1", "RabbitReceiver1\RabbitReceiver1.csproj", "{30D6466F-A31C-4ECF-8979-5AE3AED9DAC3}"
EndProject
Project("{FAE04EC0-301F-11D3-BF4B-00C04F79EFBC}") = "RabbitReceiver2", "RabbitReceiver2\RabbitReceiver2.csproj", "{9F109355-6027-4386-A36F-61DE582FE210}"
EndProject
Global
	GlobalSection(SolutionConfigurationPlatforms) = preSolution
		Debug|Any CPU = Debug|Any CPU
		Release|Any CPU = Release|Any CPU
	EndGlobalSection
	GlobalSection(ProjectConfigurationPlatforms) = postSolution
		{E0697AC8-33BC-4AB9-A7B2-335C2092AEE0}.Debug|Any CPU.ActiveCfg = Debug|Any CPU
		{E0697AC8-33BC-4AB9-A7B2-335C2092AEE0}.Debug|Any CPU.Build.0 = Debug|Any CPU
		{E0697AC8-33BC-4AB9-A7B2-335C2092AEE0}.Release|Any CPU.ActiveCfg = Release|Any CPU
		{E0697AC8-33BC-4AB9-A7B2-335C2092AEE0}.Release|Any CPU.Build.0 = Release|Any CPU
		{30D6466F-A31C-4ECF-8979-5AE3AED9DAC3}.Debug|Any CPU.ActiveCfg = Debug|Any CPU
		{30D6466F-A31C-4ECF-8979-5AE3AED9DAC3}.Debug|Any CPU.Build.0 = Debug|Any CPU
		{30D6466F-A31C-4ECF-8979-5AE3AED9DAC3}.Release|Any CPU.ActiveCfg = Release|Any CPU
		{30D6466F-A31C-4ECF-8979-5AE3AED9DAC3}.Release|Any CPU.Build.0 = Release|Any CPU
		{9F109355-6027-4386-A36F-61DE582FE210}.Debug|Any CPU.ActiveCfg = Debug|Any CPU
		{9F109355-6027-4386-A36F-61DE582FE210}.Debug|Any CPU.Build.0 = Debug|Any CPU
		{9F109355-6027-4386-A36F-61DE582FE210}.Release|Any CPU.ActiveCfg = Release|Any CPU
		{9F109355-6027-4386-A36F-61DE582FE210}.Release|Any CPU.Build.0 = Release|Any CPU
	EndGlobalSection
	GlobalSection(SolutionProperties) = preSolution
		HideSolutionNode = FALSE
	EndGlobalSection
	GlobalSection(ExtensibilityGlobals) = postSolution
		SolutionGuid = {CB201876-AC45-4227-90F1-64D436E0ED32}
	EndGlobalSection
EndGlobal
